
Microsoft Visual Studio Solution File, Format Version 12.00
# Visual Studio Version 16
VisualStudioVersion = 16.0.31112.23
MinimumVisualStudioVersion = 10.0.40219.1
Project("{FAE04EC0-301F-11D3-BF4B-00C04F79EFBC}") = "WpfApp30.2", "WpfApp30.2\WpfApp30.2.csproj", "{BAAA81F2-AA69-4827-B9B1-1C4ABA2AC9D1}"
EndProject
Global
	GlobalSection(SolutionConfigurationPlatforms) = preSolution
		Debug|Any CPU = Debug|Any CPU
		Release|Any CPU = Release|Any CPU
	EndGlobalSection
	GlobalSection(ProjectConfigurationPlatforms) = postSolution
		{BAAA81F2-AA69-4827-B9B1-1C4ABA2AC9D1}.Debug|Any CPU.ActiveCfg = Debug|Any CPU
		{BAAA81F2-AA69-4827-B9B1-1C4ABA2AC9D1}.Debug|Any CPU.Build.0 = Debug|Any CPU
		{BAAA81F2-AA69-4827-B9B1-1C4ABA2AC9D1}.Release|Any CPU.ActiveCfg = Release|Any CPU
		{BAAA81F2-AA69-4827-B9B1-1C4ABA2AC9D1}.Release|Any CPU.Build.0 = Release|Any CPU
	EndGlobalSection
	GlobalSection(SolutionProperties) = preSolution
		HideSolutionNode = FALSE
	EndGlobalSection
	GlobalSection(ExtensibilityGlobals) = postSolution
		SolutionGuid = {DCB1E399-C9BF-45E6-B7F6-AB9B52BA545F}
	EndGlobalSection
EndGlobal
